
Microsoft Visual Studio Solution File, Format Version 12.00
# Visual Studio Version 17
VisualStudioVersion = 17.4.33213.308
MinimumVisualStudioVersion = 10.0.40219.1
Project("{FAE04EC0-301F-11D3-BF4B-00C04F79EFBC}") = "MyMongoInterface", "MyMongoInterface\MyMongoInterface.csproj", "{0FBE1100-6A6A-452C-926E-3C972AB55335}"
EndProject
Global
	GlobalSection(SolutionConfigurationPlatforms) = preSolution
		Debug|Any CPU = Debug|Any CPU
		Release|Any CPU = Release|Any CPU
	EndGlobalSection
	GlobalSection(ProjectConfigurationPlatforms) = postSolution
		{0FBE1100-6A6A-452C-926E-3C972AB55335}.Debug|Any CPU.ActiveCfg = Debug|Any CPU
		{0FBE1100-6A6A-452C-926E-3C972AB55335}.Debug|Any CPU.Build.0 = Debug|Any CPU
		{0FBE1100-6A6A-452C-926E-3C972AB55335}.Release|Any CPU.ActiveCfg = Release|Any CPU
		{0FBE1100-6A6A-452C-926E-3C972AB55335}.Release|Any CPU.Build.0 = Release|Any CPU
	EndGlobalSection
	GlobalSection(SolutionProperties) = preSolution
		HideSolutionNode = FALSE
	EndGlobalSection
	GlobalSection(ExtensibilityGlobals) = postSolution
		SolutionGuid = {AF019377-7D8A-47FC-B7E9-CC475C36F8FD}
	EndGlobalSection
EndGlobal
